
Microsoft Visual Studio Solution File, Format Version 12.00
# Visual Studio Version 17
VisualStudioVersion = 17.10.35027.167
MinimumVisualStudioVersion = 10.0.40219.1
Project("{FAE04EC0-301F-11D3-BF4B-00C04F79EFBC}") = "geometricBasic", "geometricBasic\geometricBasic.csproj", "{9C2FA184-A9C9-41EE-B393-337E13A785EC}"
EndProject
Global
	GlobalSection(SolutionConfigurationPlatforms) = preSolution
		Debug|Any CPU = Debug|Any CPU
		Release|Any CPU = Release|Any CPU
	EndGlobalSection
	GlobalSection(ProjectConfigurationPlatforms) = postSolution
		{9C2FA184-A9C9-41EE-B393-337E13A785EC}.Debug|Any CPU.ActiveCfg = Debug|Any CPU
		{9C2FA184-A9C9-41EE-B393-337E13A785EC}.Debug|Any CPU.Build.0 = Debug|Any CPU
		{9C2FA184-A9C9-41EE-B393-337E13A785EC}.Release|Any CPU.ActiveCfg = Release|Any CPU
		{9C2FA184-A9C9-41EE-B393-337E13A785EC}.Release|Any CPU.Build.0 = Release|Any CPU
	EndGlobalSection
	GlobalSection(SolutionProperties) = preSolution
		HideSolutionNode = FALSE
	EndGlobalSection
	GlobalSection(ExtensibilityGlobals) = postSolution
		SolutionGuid = {608586EC-4209-4976-ADA5-E603B592F511}
	EndGlobalSection
EndGlobal
